
Microsoft Visual Studio Solution File, Format Version 12.00
# Visual Studio 15
VisualStudioVersion = 15.0.28010.2036
MinimumVisualStudioVersion = 10.0.40219.1
Project("{9A19103F-16F7-4668-BE54-9A1E7A4F7556}") = "CodeFrames", "CodeFrames\CodeFrames.csproj", "{10840267-996E-4C7B-8482-773BBA443AB8}"
EndProject
Project("{9A19103F-16F7-4668-BE54-9A1E7A4F7556}") = "CodeFramesPlayer", "CodeFramesPlayer\CodeFramesPlayer.csproj", "{88CDFB7E-03EC-4C80-B926-9E196DD1FFF8}"
	ProjectSection(ProjectDependencies) = postProject
		{10840267-996E-4C7B-8482-773BBA443AB8} = {10840267-996E-4C7B-8482-773BBA443AB8}
	EndProjectSection
EndProject
Project("{9A19103F-16F7-4668-BE54-9A1E7A4F7556}") = "CodeFramesAPI", "CodeFramesAPI\CodeFramesAPI.csproj", "{32A3078A-0CEC-42CD-A63E-B0E091A4F87A}"
	ProjectSection(ProjectDependencies) = postProject
		{10840267-996E-4C7B-8482-773BBA443AB8} = {10840267-996E-4C7B-8482-773BBA443AB8}
	EndProjectSection
EndProject
Project("{2150E333-8FDC-42A3-9474-1A3956D46DE8}") = "Solution Items", "Solution Items", "{9D24191E-D3DF-46BE-8F04-938F44A98B84}"
	ProjectSection(SolutionItems) = preProject
		.circleci\config.yml = .circleci\config.yml
		Dockerfile = Dockerfile
		README.md = README.md
	EndProjectSection
EndProject
Project("{FAE04EC0-301F-11D3-BF4B-00C04F79EFBC}") = "CodeFrames.Tests", "CodeFrames.Tests\CodeFrames.Tests.csproj", "{9E7D3CC0-F739-4925-AD4C-0EA5592204B4}"
EndProject
Global
	GlobalSection(SolutionConfigurationPlatforms) = preSolution
		Debug|Any CPU = Debug|Any CPU
		Release|Any CPU = Release|Any CPU
	EndGlobalSection
	GlobalSection(ProjectConfigurationPlatforms) = postSolution
		{10840267-996E-4C7B-8482-773BBA443AB8}.Debug|Any CPU.ActiveCfg = Debug|Any CPU
		{10840267-996E-4C7B-8482-773BBA443AB8}.Debug|Any CPU.Build.0 = Debug|Any CPU
		{10840267-996E-4C7B-8482-773BBA443AB8}.Release|Any CPU.ActiveCfg = Release|Any CPU
		{10840267-996E-4C7B-8482-773BBA443AB8}.Release|Any CPU.Build.0 = Release|Any CPU
		{88CDFB7E-03EC-4C80-B926-9E196DD1FFF8}.Debug|Any CPU.ActiveCfg = Debug|Any CPU
		{88CDFB7E-03EC-4C80-B926-9E196DD1FFF8}.Debug|Any CPU.Build.0 = Debug|Any CPU
		{88CDFB7E-03EC-4C80-B926-9E196DD1FFF8}.Release|Any CPU.ActiveCfg = Release|Any CPU
		{88CDFB7E-03EC-4C80-B926-9E196DD1FFF8}.Release|Any CPU.Build.0 = Release|Any CPU
		{32A3078A-0CEC-42CD-A63E-B0E091A4F87A}.Debug|Any CPU.ActiveCfg = Debug|Any CPU
		{32A3078A-0CEC-42CD-A63E-B0E091A4F87A}.Debug|Any CPU.Build.0 = Debug|Any CPU
		{32A3078A-0CEC-42CD-A63E-B0E091A4F87A}.Release|Any CPU.ActiveCfg = Release|Any CPU
		{32A3078A-0CEC-42CD-A63E-B0E091A4F87A}.Release|Any CPU.Build.0 = Release|Any CPU
		{9E7D3CC0-F739-4925-AD4C-0EA5592204B4}.Debug|Any CPU.ActiveCfg = Debug|Any CPU
		{9E7D3CC0-F739-4925-AD4C-0EA5592204B4}.Debug|Any CPU.Build.0 = Debug|Any CPU
		{9E7D3CC0-F739-4925-AD4C-0EA5592204B4}.Release|Any CPU.ActiveCfg = Release|Any CPU
		{9E7D3CC0-F739-4925-AD4C-0EA5592204B4}.Release|Any CPU.Build.0 = Release|Any CPU
	EndGlobalSection
	GlobalSection(SolutionProperties) = preSolution
		HideSolutionNode = FALSE
	EndGlobalSection
	GlobalSection(ExtensibilityGlobals) = postSolution
		SolutionGuid = {DB7C9D1D-D387-4299-AC6A-418835A98CAD}
	EndGlobalSection
EndGlobal
